
Microsoft Visual Studio Solution File, Format Version 12.00
# Visual Studio Version 17
VisualStudioVersion = 17.1.32328.378
MinimumVisualStudioVersion = 10.0.40219.1
Project("{FAE04EC0-301F-11D3-BF4B-00C04F79EFBC}") = "NZWalks.API", "NZWalks.API\NZWalks.API.csproj", "{210C0851-79EF-4E4B-8FD6-69B2F6030A78}"
EndProject
Global
	GlobalSection(SolutionConfigurationPlatforms) = preSolution
		Debug|Any CPU = Debug|Any CPU
		Release|Any CPU = Release|Any CPU
	EndGlobalSection
	GlobalSection(ProjectConfigurationPlatforms) = postSolution
		{210C0851-79EF-4E4B-8FD6-69B2F6030A78}.Debug|Any CPU.ActiveCfg = Debug|Any CPU
		{210C0851-79EF-4E4B-8FD6-69B2F6030A78}.Debug|Any CPU.Build.0 = Debug|Any CPU
		{210C0851-79EF-4E4B-8FD6-69B2F6030A78}.Release|Any CPU.ActiveCfg = Release|Any CPU
		{210C0851-79EF-4E4B-8FD6-69B2F6030A78}.Release|Any CPU.Build.0 = Release|Any CPU
	EndGlobalSection
	GlobalSection(SolutionProperties) = preSolution
		HideSolutionNode = FALSE
	EndGlobalSection
	GlobalSection(ExtensibilityGlobals) = postSolution
		SolutionGuid = {DB73EC24-BE2A-45BD-A2A0-B5FE2B4C3A9F}
	EndGlobalSection
EndGlobal
